
Microsoft Visual Studio Solution File, Format Version 12.00
# Visual Studio Version 17
VisualStudioVersion = 17.4.33110.190
MinimumVisualStudioVersion = 10.0.40219.1
Project("{2150E333-8FDC-42A3-9474-1A3956D46DE8}") = "Lesson1", "Lesson1", "{68840C31-C1F5-43BC-95FE-BE569BD103BD}"
EndProject
Project("{FAE04EC0-301F-11D3-BF4B-00C04F79EFBC}") = "Program1FirstApp", "Program1FirstApp\Program1FirstApp.csproj", "{6E4722B2-A835-4DF1-B65B-381C3A7E93B5}"
EndProject
Global
	GlobalSection(SolutionConfigurationPlatforms) = preSolution
		Debug|Any CPU = Debug|Any CPU
		Release|Any CPU = Release|Any CPU
	EndGlobalSection
	GlobalSection(ProjectConfigurationPlatforms) = postSolution
		{6E4722B2-A835-4DF1-B65B-381C3A7E93B5}.Debug|Any CPU.ActiveCfg = Debug|Any CPU
		{6E4722B2-A835-4DF1-B65B-381C3A7E93B5}.Debug|Any CPU.Build.0 = Debug|Any CPU
		{6E4722B2-A835-4DF1-B65B-381C3A7E93B5}.Release|Any CPU.ActiveCfg = Release|Any CPU
		{6E4722B2-A835-4DF1-B65B-381C3A7E93B5}.Release|Any CPU.Build.0 = Release|Any CPU
	EndGlobalSection
	GlobalSection(SolutionProperties) = preSolution
		HideSolutionNode = FALSE
	EndGlobalSection
	GlobalSection(NestedProjects) = preSolution
		{6E4722B2-A835-4DF1-B65B-381C3A7E93B5} = {68840C31-C1F5-43BC-95FE-BE569BD103BD}
	EndGlobalSection
	GlobalSection(ExtensibilityGlobals) = postSolution
		SolutionGuid = {34A86DC2-BACA-496B-9E32-36656357CEEE}
	EndGlobalSection
EndGlobal
